
Microsoft Visual Studio Solution File, Format Version 12.00
# Visual Studio Version 16
VisualStudioVersion = 16.0.31729.503
MinimumVisualStudioVersion = 10.0.40219.1
Project("{FAE04EC0-301F-11D3-BF4B-00C04F79EFBC}") = "TickItKiosk481", "TickItKiosk481\TickItKiosk481.csproj", "{A33068B4-1B4B-4034-9463-0E2E784826B9}"
EndProject
Global
	GlobalSection(SolutionConfigurationPlatforms) = preSolution
		Debug|Any CPU = Debug|Any CPU
		Release|Any CPU = Release|Any CPU
	EndGlobalSection
	GlobalSection(ProjectConfigurationPlatforms) = postSolution
		{A33068B4-1B4B-4034-9463-0E2E784826B9}.Debug|Any CPU.ActiveCfg = Debug|Any CPU
		{A33068B4-1B4B-4034-9463-0E2E784826B9}.Debug|Any CPU.Build.0 = Debug|Any CPU
		{A33068B4-1B4B-4034-9463-0E2E784826B9}.Release|Any CPU.ActiveCfg = Release|Any CPU
		{A33068B4-1B4B-4034-9463-0E2E784826B9}.Release|Any CPU.Build.0 = Release|Any CPU
	EndGlobalSection
	GlobalSection(SolutionProperties) = preSolution
		HideSolutionNode = FALSE
	EndGlobalSection
	GlobalSection(ExtensibilityGlobals) = postSolution
		SolutionGuid = {01670085-FF3E-4174-9CB9-160F4396E1C4}
	EndGlobalSection
EndGlobal
